{
  "name": "sample-abap-snowflake",
  "version": "1.0.0",
  "lockfileVersion": 3,
  "requires": true,
  "packages": {
    "": {
      "name": "sample-abap-snowflake",
      "version": "1.0.0",
      "license": "EPL",
      "dependencies": {
        "buffer": "^6.0.3"
      },
      "devDependencies": {
        "@abaplint/cli": "^2.102.42",
        "@abaplint/runtime": "^2.7.97",
        "@abaplint/transpiler-cli": "^2.7.97",
        "dotenv": "^16.3.1"
      }
    },
    "node_modules/@abaplint/cli": {
      "version": "2.102.53",
      "dev": true,
      "license": "MIT",
      "bin": {
        "abaplint": "abaplint"
      },
      "engines": {
        "node": ">=12.0.0"
      },
      "funding": {
        "url": "https://github.com/sponsors/larshp"
      }
    },
    "node_modules/@abaplint/runtime": {
      "version": "2.7.101",
      "resolved": "https://registry.npmjs.org/@abaplint/runtime/-/runtime-2.7.101.tgz",
      "integrity": "sha512-tMDe10eZjdTYK0zFKS+ahFYRMzTLAdsEI9s7O2/HBKzB9edD6OBxJ6IJARU/Yf1eKIhW6ISs+c6xAfQt+jQO0g==",
      "dev": true,
      "dependencies": {
        "temporal-polyfill": "^0.1.1"
      },
      "funding": {
        "url": "https://github.com/sponsors/larshp"
      }
    },
    "node_modules/@abaplint/transpiler-cli": {
      "version": "2.7.101",
      "resolved": "https://registry.npmjs.org/@abaplint/transpiler-cli/-/transpiler-cli-2.7.101.tgz",
      "integrity": "sha512-fCFXOs+xeFAefB8uw8Z+SgOb5WrSo1Mx7DHwABAD/yYOO0LjvjijuVyus6zW7qLnBokCDbaZG/AC6drkB4zVmw==",
      "dev": true,
      "bin": {
        "abap_transpile": "abap_transpile"
      },
      "funding": {
        "url": "https://github.com/sponsors/larshp"
      }
    },
    "node_modules/base64-js": {
      "version": "1.5.1",
      "funding": [
        {
          "type": "github",
          "url": "https://github.com/sponsors/feross"
        },
        {
          "type": "patreon",
          "url": "https://www.patreon.com/feross"
        },
        {
          "type": "consulting",
          "url": "https://feross.org/support"
        }
      ],
      "license": "MIT"
    },
    "node_modules/buffer": {
      "version": "6.0.3",
      "funding": [
        {
          "type": "github",
          "url": "https://github.com/sponsors/feross"
        },
        {
          "type": "patreon",
          "url": "https://www.patreon.com/feross"
        },
        {
          "type": "consulting",
          "url": "https://feross.org/support"
        }
      ],
      "license": "MIT",
      "dependencies": {
        "base64-js": "^1.3.1",
        "ieee754": "^1.2.1"
      }
    },
    "node_modules/dotenv": {
      "version": "16.3.1",
      "dev": true,
      "license": "BSD-2-Clause",
      "engines": {
        "node": ">=12"
      },
      "funding": {
        "url": "https://github.com/motdotla/dotenv?sponsor=1"
      }
    },
    "node_modules/ieee754": {
      "version": "1.2.1",
      "funding": [
        {
          "type": "github",
          "url": "https://github.com/sponsors/feross"
        },
        {
          "type": "patreon",
          "url": "https://www.patreon.com/feross"
        },
        {
          "type": "consulting",
          "url": "https://feross.org/support"
        }
      ],
      "license": "BSD-3-Clause"
    },
    "node_modules/temporal-polyfill": {
      "version": "0.1.1",
      "dev": true,
      "license": "MIT",
      "dependencies": {
        "temporal-spec": "~0.1.0"
      }
    },
    "node_modules/temporal-spec": {
      "version": "0.1.0",
      "dev": true,
      "license": "ISC"
    }
  }
}
